
Microsoft Visual Studio Solution File, Format Version 12.00
# Visual Studio 15
VisualStudioVersion = 15.0.28307.705
MinimumVisualStudioVersion = 10.0.40219.1
Project("{FAE04EC0-301F-11D3-BF4B-00C04F79EFBC}") = "ChatAppWinterSchool", "ChatAppWinterSchool\ChatAppWinterSchool.csproj", "{28B2006D-E002-44FF-A86D-EF98B2A2CAAA}"
EndProject
Global
	GlobalSection(SolutionConfigurationPlatforms) = preSolution
		Debug|Any CPU = Debug|Any CPU
		Release|Any CPU = Release|Any CPU
	EndGlobalSection
	GlobalSection(ProjectConfigurationPlatforms) = postSolution
		{28B2006D-E002-44FF-A86D-EF98B2A2CAAA}.Debug|Any CPU.ActiveCfg = Debug|Any CPU
		{28B2006D-E002-44FF-A86D-EF98B2A2CAAA}.Debug|Any CPU.Build.0 = Debug|Any CPU
		{28B2006D-E002-44FF-A86D-EF98B2A2CAAA}.Release|Any CPU.ActiveCfg = Release|Any CPU
		{28B2006D-E002-44FF-A86D-EF98B2A2CAAA}.Release|Any CPU.Build.0 = Release|Any CPU
	EndGlobalSection
	GlobalSection(SolutionProperties) = preSolution
		HideSolutionNode = FALSE
	EndGlobalSection
	GlobalSection(ExtensibilityGlobals) = postSolution
		SolutionGuid = {C60D1E66-FF54-4E8A-B45B-499E7B27CE92}
	EndGlobalSection
EndGlobal
